hash: bc98db2576071960ad829b1014ad6fedbe5846461b41945456f054c0652c6beb
updated: 2019-06-26T13:23:07.00344-07:00
imports:
- name: github.com/dgrijalva/jwt-go
  version: 06ea1031745cb8b3dab3f6a236daf2b0aa468b7e
- name: github.com/fsnotify/fsnotify
  version: c2828203cd70a50dcccfb2761f8b1f8ceef9a8e9
- name: github.com/go-kit/kit
  version: 12210fb6ace19e0496167bb3e667dcd91fa9f69b
  subpackages:
  - endpoint
  - log
  - log/level
  - transport/http
- name: github.com/go-logfmt/logfmt
  version: 07c9b44f60d7ffdfb7d8efe1ad539965737836dc
- name: github.com/gorilla/mux
  version: ed099d42384823742bba0bf9a72b53b55c9e2e38
- name: github.com/hashicorp/hcl
  version: ef8a98b0bbce4a65b5aa4c368430a80ddc533168
  subpackages:
  - hcl/ast
  - hcl/parser
  - hcl/printer
  - hcl/scanner
  - hcl/strconv
  - hcl/token
  - json/parser
  - json/scanner
  - json/token
- name: github.com/justinas/alice
  version: 03f45bd4b7dad4734bc4620e46a35789349abb20
- name: github.com/kr/logfmt
  version: b84e30acd515aadc4b783ad4ff83aff3299bdfe0
- name: github.com/magiconair/properties
  version: 2c9e9502788518c97fe44e8955cd069417ee89df
- name: github.com/mitchellh/mapstructure
  version: 00c29f56e2386353d58c599509e8dc3801b0d716
- name: github.com/pelletier/go-toml
  version: 66540cf1fcd2c3aee6f6787dfa32a6ae9a870f12
- name: github.com/prometheus/client_golang
  version: 4ab88e80c249ed361d3299e2930427d9ac43ef8d
- name: github.com/spf13/afero
  version: 63644898a8da0bc22138abf860edaf5277b6102e
  subpackages:
  - mem
- name: github.com/spf13/cast
  version: 8965335b8c7107321228e3e3702cab9832751bac
- name: github.com/spf13/jwalterweatherman
  version: 7c0cea34c8ece3fbeb2b27ab9b59511d360fb394
- name: github.com/spf13/pflag
  version: 298182f68c66c05229eb03ac171abe6e309ee79a
- name: github.com/spf13/viper
  version: b5bf975e5823809fb22c7644d008757f78a4259e
- name: go.uber.org/atomic
  version: df976f2515e274675050de7b3f42545de80594fd
- name: go.uber.org/dig
  version: 7ff117f761a3f1b3eb521945c17a1091438eb6de
  subpackages:
  - internal/digreflect
  - internal/dot
- name: go.uber.org/fx
  version: 3de044da969b90ad0a3e4a7867a74662f645f3f9
  subpackages:
  - internal/fxlog
  - internal/fxreflect
  - internal/lifecycle
- name: go.uber.org/multierr
  version: 3c4937480c32f4c13a875a1829af76c98ca3d40a
- name: golang.org/x/sys
  version: 7dfd1290c7917b7ba22824b9d24954ab3002fe24
  subpackages:
  - unix
- name: golang.org/x/text
  version: 7922cc490dd5a7dbaa7fd5d6196b49db59ac042f
  subpackages:
  - transform
  - unicode/norm
- name: gopkg.in/natefinch/lumberjack.v2
  version: a96e63847dc3c67d17befa69c303767e2f84e54f
- name: gopkg.in/yaml.v2
  version: 5420a8b6744d3b0345ab293f6fcba19c978f1183
testImports: []
